// !$*UTF8*$!
{
	archiveVersion = 1;
	classes = {
	};
	objectVersion = 48;
	objects = {

/* Begin PBXBuildFile section */
		9BC23F2E2070AC1B0046156C /* AppDelegate.swift in Sources */ = {isa = PBXBuildFile; fileRef = 9BC23F2D2070AC1B0046156C /* AppDelegate.swift */; };
		9BC23F302070AC1B0046156C /* ViewController.swift in Sources */ = {isa = PBXBuildFile; fileRef = 9BC23F2F2070AC1B0046156C /* ViewController.swift */; };
		9BC23F332070AC1B0046156C /* Main.storyboard in Resources */ = {isa = PBXBuildFile; fileRef = 9BC23F312070AC1B0046156C /* Main.storyboard */; };
		9BC23F352070AC1B0046156C /* Assets.xcassets in Resources */ = {isa = PBXBuildFile; fileRef = 9BC23F342070AC1B0046156C /* Assets.xcassets */; };
		9BC23F382070AC1B0046156C /* LaunchScreen.storyboard in Resources */ = {isa = PBXBuildFile; fileRef = 9BC23F362070AC1B0046156C /* LaunchScreen.storyboard */; };
		9BC23F402070B0030046156C /* Constants.swift in Sources */ = {isa = PBXBuildFile; fileRef = 9BC23F3F2070B0030046156C /* Constants.swift */; };
		9BC23F442070B3120046156C /* ActorTableViewCell.swift in Sources */ = {isa = PBXBuildFile; fileRef = 9BC23F432070B3120046156C /* ActorTableViewCell.swift */; };
		9BC23F462070B5300046156C /* ActorAPIResponse.swift in Sources */ = {isa = PBXBuildFile; fileRef = 9BC23F452070B5300046156C /* ActorAPIResponse.swift */; };
		9BC23F482070B88C0046156C /* APIManager.swift in Sources */ = {isa = PBXBuildFile; fileRef = 9BC23F472070B88C0046156C /* APIManager.swift */; };
		F6ED1F70C2BE5A3EC7CDC081 /* Pods_test_alamofire.framework in Frameworks */ = {isa = PBXBuildFile; fileRef = 0436A414CB218CB1B39AF20A /* Pods_test_alamofire.framework */; };
/* End PBXBuildFile section */

/* Begin PBXFileReference section */
		0436A414CB218CB1B39AF20A /* Pods_test_alamofire.framework */ = {isa = PBXFileReference; explicitFileType = wrapper.framework; includeInIndex = 0; path = Pods_test_alamofire.framework; sourceTree = BUILT_PRODUCTS_DIR; };
		2154429E9A30E4EB135BD936 /* Pods-test-alamofire.debug.xcconfig */ = {isa = PBXFileReference; includeInIndex = 1; lastKnownFileType = text.xcconfig; name = "Pods-test-alamofire.debug.xcconfig"; path = "Pods/Target Support Files/Pods-test-alamofire/Pods-test-alamofire.debug.xcconfig"; sourceTree = "<group>"; };
		9BC23F2A2070AC1B0046156C /* test-alamofire.app */ = {isa = PBXFileReference; explicitFileType = wrapper.application; includeInIndex = 0; path = "test-alamofire.app"; sourceTree = BUILT_PRODUCTS_DIR; };
		9BC23F2D2070AC1B0046156C /* AppDelegate.swift */ = {isa = PBXFileReference; lastKnownFileType = sourcecode.swift; path = AppDelegate.swift; sourceTree = "<group>"; };
		9BC23F2F2070AC1B0046156C /* ViewController.swift */ = {isa = PBXFileReference; lastKnownFileType = sourcecode.swift; path = ViewController.swift; sourceTree = "<group>"; };
		9BC23F322070AC1B0046156C /* Base */ = {isa = PBXFileReference; lastKnownFileType = file.storyboard; name = Base; path = Base.lproj/Main.storyboard; sourceTree = "<group>"; };
		9BC23F342070AC1B0046156C /* Assets.xcassets */ = {isa = PBXFileReference; lastKnownFileType = folder.assetcatalog; path = Assets.xcassets; sourceTree = "<group>"; };
		9BC23F372070AC1B0046156C /* Base */ = {isa = PBXFileReference; lastKnownFileType = file.storyboard; name = Base; path = Base.lproj/LaunchScreen.storyboard; sourceTree = "<group>"; };
		9BC23F392070AC1B0046156C /* Info.plist */ = {isa = PBXFileReference; lastKnownFileType = text.plist.xml; path = Info.plist; sourceTree = "<group>"; };
		9BC23F3F2070B0030046156C /* Constants.swift */ = {isa = PBXFileReference; lastKnownFileType = sourcecode.swift; path = Constants.swift; sourceTree = "<group>"; };
		9BC23F432070B3120046156C /* ActorTableViewCell.swift */ = {isa = PBXFileReference; lastKnownFileType = sourcecode.swift; name = ActorTableViewCell.swift; path = "/Users/hrodriguez/Nearsoft/training-IOS/test-alamofire/test-alamofire/ActorTableViewCell.swift"; sourceTree = "<absolute>"; };
		9BC23F452070B5300046156C /* ActorAPIResponse.swift */ = {isa = PBXFileReference; lastKnownFileType = sourcecode.swift; path = ActorAPIResponse.swift; sourceTree = "<group>"; };
		9BC23F472070B88C0046156C /* APIManager.swift */ = {isa = PBXFileReference; lastKnownFileType = sourcecode.swift; path = APIManager.swift; sourceTree = "<group>"; };
		F79B1C6DFB08C96A04892B6C /* Pods-test-alamofire.release.xcconfig */ = {isa = PBXFileReference; includeInIndex = 1; lastKnownFileType = text.xcconfig; name = "Pods-test-alamofire.release.xcconfig"; path = "Pods/Target Support Files/Pods-test-alamofire/Pods-test-alamofire.release.xcconfig"; sourceTree = "<group>"; };
/* End PBXFileReference section */

/* Begin PBXFrameworksBuildPhase section */
		9BC23F272070AC1B0046156C /* Frameworks */ = {
			isa = PBXFrameworksBuildPhase;
			buildActionMask = 2147483647;
			files = (
				F6ED1F70C2BE5A3EC7CDC081 /* Pods_test_alamofire.framework in Frameworks */,
			);
			runOnlyForDeploymentPostprocessing = 0;
		};
/* End PBXFrameworksBuildPhase section */

/* Begin PBXGroup section */
		268A019B388B6E502893052F /* Frameworks */ = {
			isa = PBXGroup;
			children = (
				0436A414CB218CB1B39AF20A /* Pods_test_alamofire.framework */,
			);
			name = Frameworks;
			sourceTree = "<group>";
		};
		9BC23F212070AC1B0046156C = {
			isa = PBXGroup;
			children = (
				9BC23F2C2070AC1B0046156C /* test-alamofire */,
				9BC23F2B2070AC1B0046156C /* Products */,
				CBBF163E3D98CC7A103DB781 /* Pods */,
				268A019B388B6E502893052F /* Frameworks */,
			);
			sourceTree = "<group>";
		};
		9BC23F2B2070AC1B0046156C /* Products */ = {
			isa = PBXGroup;
			children = (
				9BC23F2A2070AC1B0046156C /* test-alamofire.app */,
			);
			name = Products;
			sourceTree = "<group>";
		};
		9BC23F2C2070AC1B0046156C /* test-alamofire */ = {
			isa = PBXGroup;
			children = (
				9BC23F432070B3120046156C /* ActorTableViewCell.swift */,
				9BC23F2D2070AC1B0046156C /* AppDelegate.swift */,
				9BC23F2F2070AC1B0046156C /* ViewController.swift */,
				9BC23F452070B5300046156C /* ActorAPIResponse.swift */,
				9BC23F312070AC1B0046156C /* Main.storyboard */,
				9BC23F342070AC1B0046156C /* Assets.xcassets */,
				9BC23F362070AC1B0046156C /* LaunchScreen.storyboard */,
				9BC23F392070AC1B0046156C /* Info.plist */,
				9BC23F3F2070B0030046156C /* Constants.swift */,
				9BC23F472070B88C0046156C /* APIManager.swift */,
			);
			path = "test-alamofire";
			sourceTree = "<group>";
		};
		CBBF163E3D98CC7A103DB781 /* Pods */ = {
			isa = PBXGroup;
			children = (
				2154429E9A30E4EB135BD936 /* Pods-test-alamofire.debug.xcconfig */,
				F79B1C6DFB08C96A04892B6C /* Pods-test-alamofire.release.xcconfig */,
			);
			name = Pods;
			sourceTree = "<group>";
		};
/* End PBXGroup section */

/* Begin PBXNativeTarget section */
		9BC23F292070AC1B0046156C /* test-alamofire */ = {
			isa = PBXNativeTarget;
			buildConfigurationList = 9BC23F3C2070AC1B0046156C /* Build configuration list for PBXNativeTarget "test-alamofire" */;
			buildPhases = (
				5CD26D676DCCFD3ECDEB6DB3 /* [CP] Check Pods Manifest.lock */,
				9BC23F262070AC1B0046156C /* Sources */,
				9BC23F272070AC1B0046156C /* Frameworks */,
				9BC23F282070AC1B0046156C /* Resources */,
				954B1F2FAE76CA6A1F2AD558 /* [CP] Embed Pods Frameworks */,
				901DC6416F9E2CCE3A448B1B /* [CP] Copy Pods Resources */,
			);
			buildRules = (
			);
			dependencies = (
			);
			name = "test-alamofire";
			productName = "test-alamofire";
			productReference = 9BC23F2A2070AC1B0046156C /* test-alamofire.app */;
			productType = "com.apple.product-type.application";
		};
/* End PBXNativeTarget section */

/* Begin PBXProject section */
		9BC23F222070AC1B0046156C /* Project object */ = {
			isa = PBXProject;
			attributes = {
				LastSwiftUpdateCheck = 0920;
				LastUpgradeCheck = 0920;
				ORGANIZATIONNAME = "Haydee Rodriguez";
				TargetAttributes = {
					9BC23F292070AC1B0046156C = {
						CreatedOnToolsVersion = 9.2;
						ProvisioningStyle = Automatic;
					};
				};
			};
			buildConfigurationList = 9BC23F252070AC1B0046156C /* Build configuration list for PBXProject "test-alamofire" */;
			compatibilityVersion = "Xcode 8.0";
			developmentRegion = en;
			hasScannedForEncodings = 0;
			knownRegions = (
				en,
				Base,
			);
			mainGroup = 9BC23F212070AC1B0046156C;
			productRefGroup = 9BC23F2B2070AC1B0046156C /* Products */;
			projectDirPath = "";
			projectRoot = "";
			targets = (
				9BC23F292070AC1B0046156C /* test-alamofire */,
			);
		};
/* End PBXProject section */

/* Begin PBXResourcesBuildPhase section */
		9BC23F282070AC1B0046156C /* Resources */ = {
			isa = PBXResourcesBuildPhase;
			buildActionMask = 2147483647;
			files = (
				9BC23F382070AC1B0046156C /* LaunchScreen.storyboard in Resources */,
				9BC23F352070AC1B0046156C /* Assets.xcassets in Resources */,
				9BC23F332070AC1B0046156C /* Main.storyboard in Resources */,
			);
			runOnlyForDeploymentPostprocessing = 0;
		};
/* End PBXResourcesBuildPhase section */

/* Begin PBXShellScriptBuildPhase section */
		5CD26D676DCCFD3ECDEB6DB3 /* [CP] Check Pods Manifest.lock */ = {
			isa = PBXShellScriptBuildPhase;
			buildActionMask = 2147483647;
			files = (
			);
			inputPaths = (
				"${PODS_PODFILE_DIR_PATH}/Podfile.lock",
				"${PODS_ROOT}/Manifest.lock",
			);
			name = "[CP] Check Pods Manifest.lock";
			outputPaths = (
				"$(DERIVED_FILE_DIR)/Pods-test-alamofire-checkManifestLockResult.txt",
			);
			runOnlyForDeploymentPostprocessing = 0;
			shellPath = /bin/sh;
			shellScript = "diff \"${PODS_PODFILE_DIR_PATH}/Podfile.lock\" \"${PODS_ROOT}/Manifest.lock\" > /dev/null\nif [ $? != 0 ] ; then\n    # print error to STDERR\n    echo \"error: The sandbox is not in sync with the Podfile.lock. Run 'pod install' or update your CocoaPods installation.\" >&2\n    exit 1\nfi\n# This output is used by Xcode 'outputs' to avoid re-running this script phase.\necho \"SUCCESS\" > \"${SCRIPT_OUTPUT_FILE_0}\"\n";
			showEnvVarsInLog = 0;
		};
		901DC6416F9E2CCE3A448B1B /* [CP] Copy Pods Resources */ = {
			isa = PBXShellScriptBuildPhase;
			buildActionMask = 2147483647;
			files = (
			);
			inputPaths = (
			);
			name = "[CP] Copy Pods Resources";
			outputPaths = (
			);
			runOnlyForDeploymentPostprocessing = 0;
			shellPath = /bin/sh;
			shellScript = "\"${SRCROOT}/Pods/Target Support Files/Pods-test-alamofire/Pods-test-alamofire-resources.sh\"\n";
			showEnvVarsInLog = 0;
		};
		954B1F2FAE76CA6A1F2AD558 /* [CP] Embed Pods Frameworks */ = {
			isa = PBXShellScriptBuildPhase;
			buildActionMask = 2147483647;
			files = (
			);
			inputPaths = (
				"${SRCROOT}/Pods/Target Support Files/Pods-test-alamofire/Pods-test-alamofire-frameworks.sh",
				"${BUILT_PRODUCTS_DIR}/Alamofire/Alamofire.framework",
				"${BUILT_PRODUCTS_DIR}/AlamofireImage/AlamofireImage.framework",
				"${BUILT_PRODUCTS_DIR}/ObjectMapper/ObjectMapper.framework",
				"${BUILT_PRODUCTS_DIR}/PromiseKit/PromiseKit.framework",
			);
			name = "[CP] Embed Pods Frameworks";
			outputPaths = (
				"${TARGET_BUILD_DIR}/${FRAMEWORKS_FOLDER_PATH}/Alamofire.framework",
				"${TARGET_BUILD_DIR}/${FRAMEWORKS_FOLDER_PATH}/AlamofireImage.framework",
				"${TARGET_BUILD_DIR}/${FRAMEWORKS_FOLDER_PATH}/ObjectMapper.framework",
				"${TARGET_BUILD_DIR}/${FRAMEWORKS_FOLDER_PATH}/PromiseKit.framework",
			);
			runOnlyForDeploymentPostprocessing = 0;
			shellPath = /bin/sh;
			shellScript = "\"${SRCROOT}/Pods/Target Support Files/Pods-test-alamofire/Pods-test-alamofire-frameworks.sh\"\n";
			showEnvVarsInLog = 0;
		};
/* End PBXShellScriptBuildPhase section */

/* Begin PBXSourcesBuildPhase section */
		9BC23F262070AC1B0046156C /* Sources */ = {
			isa = PBXSourcesBuildPhase;
			buildActionMask = 2147483647;
			files = (
				9BC23F482070B88C0046156C /* APIManager.swift in Sources */,
				9BC23F302070AC1B0046156C /* ViewController.swift in Sources */,
				9BC23F462070B5300046156C /* ActorAPIResponse.swift in Sources */,
				9BC23F2E2070AC1B0046156C /* AppDelegate.swift in Sources */,
				9BC23F402070B0030046156C /* Constants.swift in Sources */,
				9BC23F442070B3120046156C /* ActorTableViewCell.swift in Sources */,
			);
			runOnlyForDeploymentPostprocessing = 0;
		};
/* End PBXSourcesBuildPhase section */

/* Begin PBXVariantGroup section */
		9BC23F312070AC1B0046156C /* Main.storyboard */ = {
			isa = PBXVariantGroup;
			children = (
				9BC23F322070AC1B0046156C /* Base */,
			);
			name = Main.storyboard;
			sourceTree = "<group>";
		};
		9BC23F362070AC1B0046156C /* LaunchScreen.storyboard */ = {
			isa = PBXVariantGroup;
			children = (
				9BC23F372070AC1B0046156C /* Base */,
			);
			name = LaunchScreen.storyboard;
			sourceTree = "<group>";
		};
/* End PBXVariantGroup section */

/* Begin XCBuildConfiguration section */
		9BC23F3A2070AC1B0046156C /* Debug */ = {
			isa = XCBuildConfiguration;
			buildSettings = {
				ALWAYS_SEARCH_USER_PATHS = NO;
				CLANG_ANALYZER_NONNULL = YES;
				CLANG_ANALYZER_NUMBER_OBJECT_CONVERSION = YES_AGGRESSIVE;
				CLANG_CXX_LANGUAGE_STANDARD = "gnu++14";
				CLANG_CXX_LIBRARY = "libc++";
				CLANG_ENABLE_MODULES = YES;
				CLANG_ENABLE_OBJC_ARC = YES;
				CLANG_WARN_BLOCK_CAPTURE_AUTORELEASING = YES;
				CLANG_WARN_BOOL_CONVERSION = YES;
				CLANG_WARN_COMMA = YES;
				CLANG_WARN_CONSTANT_CONVERSION = YES;
				CLANG_WARN_DIRECT_OBJC_ISA_USAGE = YES_ERROR;
				CLANG_WARN_DOCUMENTATION_COMMENTS = YES;
				CLANG_WARN_EMPTY_BODY = YES;
				CLANG_WARN_ENUM_CONVERSION = YES;
				CLANG_WARN_INFINITE_RECURSION = YES;
				CLANG_WARN_INT_CONVERSION = YES;
				CLANG_WARN_NON_LITERAL_NULL_CONVERSION = YES;
				CLANG_WARN_OBJC_LITERAL_CONVERSION = YES;
				CLANG_WARN_OBJC_ROOT_CLASS = YES_ERROR;
				CLANG_WARN_RANGE_LOOP_ANALYSIS = YES;
				CLANG_WARN_STRICT_PROTOTYPES = YES;
				CLANG_WARN_SUSPICIOUS_MOVE = YES;
				CLANG_WARN_UNGUARDED_AVAILABILITY = YES_AGGRESSIVE;
				CLANG_WARN_UNREACHABLE_CODE = YES;
				CLANG_WARN__DUPLICATE_METHOD_MATCH = YES;
				CODE_SIGN_IDENTITY = "iPhone Developer";
				COPY_PHASE_STRIP = NO;
				DEBUG_INFORMATION_FORMAT = dwarf;
				ENABLE_STRICT_OBJC_MSGSEND = YES;
				ENABLE_TESTABILITY = YES;
				GCC_C_LANGUAGE_STANDARD = gnu11;
				GCC_DYNAMIC_NO_PIC = NO;
				GCC_NO_COMMON_BLOCKS = YES;
				GCC_OPTIMIZATION_LEVEL = 0;
				GCC_PREPROCESSOR_DEFINITIONS = (
					"DEBUG=1",
					"$(inherited)",
				);
				GCC_WARN_64_TO_32_BIT_CONVERSION = YES;
				GCC_WARN_ABOUT_RETURN_TYPE = YES_ERROR;
				GCC_WARN_UNDECLARED_SELECTOR = YES;
				GCC_WARN_UNINITIALIZED_AUTOS = YES_AGGRESSIVE;
				GCC_WARN_UNUSED_FUNCTION = YES;
				GCC_WARN_UNUSED_VARIABLE = YES;
				IPHONEOS_DEPLOYMENT_TARGET = 11.2;
				MTL_ENABLE_DEBUG_INFO = YES;
				ONLY_ACTIVE_ARCH = YES;
				SDKROOT = iphoneos;
				SWIFT_ACTIVE_COMPILATION_CONDITIONS = DEBUG;
				SWIFT_OPTIMIZATION_LEVEL = "-Onone";
			};
			name = Debug;
		};
		9BC23F3B2070AC1B0046156C /* Release */ = {
			isa = XCBuildConfiguration;
			buildSettings = {
				ALWAYS_SEARCH_USER_PATHS = NO;
				CLANG_ANALYZER_NONNULL = YES;
				CLANG_ANALYZER_NUMBER_OBJECT_CONVERSION = YES_AGGRESSIVE;
				CLANG_CXX_LANGUAGE_STANDARD = "gnu++14";
				CLANG_CXX_LIBRARY = "libc++";
				CLANG_ENABLE_MODULES = YES;
				CLANG_ENABLE_OBJC_ARC = YES;
				CLANG_WARN_BLOCK_CAPTURE_AUTORELEASING = YES;
				CLANG_WARN_BOOL_CONVERSION = YES;
				CLANG_WARN_COMMA = YES;
				CLANG_WARN_CONSTANT_CONVERSION = YES;
				CLANG_WARN_DIRECT_OBJC_ISA_USAGE = YES_ERROR;
				CLANG_WARN_DOCUMENTATION_COMMENTS = YES;
				CLANG_WARN_EMPTY_BODY = YES;
				CLANG_WARN_ENUM_CONVERSION = YES;
				CLANG_WARN_INFINITE_RECURSION = YES;
				CLANG_WARN_INT_CONVERSION = YES;
				CLANG_WARN_NON_LITERAL_NULL_CONVERSION = YES;
				CLANG_WARN_OBJC_LITERAL_CONVERSION = YES;
				CLANG_WARN_OBJC_ROOT_CLASS = YES_ERROR;
				CLANG_WARN_RANGE_LOOP_ANALYSIS = YES;
				CLANG_WARN_STRICT_PROTOTYPES = YES;
				CLANG_WARN_SUSPICIOUS_MOVE = YES;
				CLANG_WARN_UNGUARDED_AVAILABILITY = YES_AGGRESSIVE;
				CLANG_WARN_UNREACHABLE_CODE = YES;
				CLANG_WARN__DUPLICATE_METHOD_MATCH = YES;
				CODE_SIGN_IDENTITY = "iPhone Developer";
				COPY_PHASE_STRIP = NO;
				DEBUG_INFORMATION_FORMAT = "dwarf-with-dsym";
				ENABLE_NS_ASSERTIONS = NO;
				ENABLE_STRICT_OBJC_MSGSEND = YES;
				GCC_C_LANGUAGE_STANDARD = gnu11;
				GCC_NO_COMMON_BLOCKS = YES;
				GCC_WARN_64_TO_32_BIT_CONVERSION = YES;
				GCC_WARN_ABOUT_RETURN_TYPE = YES_ERROR;
				GCC_WARN_UNDECLARED_SELECTOR = YES;
				GCC_WARN_UNINITIALIZED_AUTOS = YES_AGGRESSIVE;
				GCC_WARN_UNUSED_FUNCTION = YES;
				GCC_WARN_UNUSED_VARIABLE = YES;
				IPHONEOS_DEPLOYMENT_TARGET = 11.2;
				MTL_ENABLE_DEBUG_INFO = NO;
				SDKROOT = iphoneos;
				SWIFT_OPTIMIZATION_LEVEL = "-Owholemodule";
				VALIDATE_PRODUCT = YES;
			};
			name = Release;
		};
		9BC23F3D2070AC1B0046156C /* Debug */ = {
			isa = XCBuildConfiguration;
			baseConfigurationReference = 2154429E9A30E4EB135BD936 /* Pods-test-alamofire.debug.xcconfig */;
			buildSettings = {
				ASSETCATALOG_COMPILER_APPICON_NAME = AppIcon;
				CODE_SIGN_STYLE = Automatic;
				INFOPLIST_FILE = "test-alamofire/Info.plist";
				LD_RUNPATH_SEARCH_PATHS = "$(inherited) @executable_path/Frameworks";
				PRODUCT_BUNDLE_IDENTIFIER = "com.hrodriguez.test-alamofire";
				PRODUCT_NAME = "$(TARGET_NAME)";
				SWIFT_VERSION = 4.0;
				TARGETED_DEVICE_FAMILY = "1,2";
			};
			name = Debug;
		};
		9BC23F3E2070AC1B0046156C /* Release */ = {
			isa = XCBuildConfiguration;
			baseConfigurationReference = F79B1C6DFB08C96A04892B6C /* Pods-test-alamofire.release.xcconfig */;
			buildSettings = {
				ASSETCATALOG_COMPILER_APPICON_NAME = AppIcon;
				CODE_SIGN_STYLE = Automatic;
				INFOPLIST_FILE = "test-alamofire/Info.plist";
				LD_RUNPATH_SEARCH_PATHS = "$(inherited) @executable_path/Frameworks";
				PRODUCT_BUNDLE_IDENTIFIER = "com.hrodriguez.test-alamofire";
				PRODUCT_NAME = "$(TARGET_NAME)";
				SWIFT_VERSION = 4.0;
				TARGETED_DEVICE_FAMILY = "1,2";
			};
			name = Release;
		};
/* End XCBuildConfiguration section */

/* Begin XCConfigurationList section */
		9BC23F252070AC1B0046156C /* Build configuration list for PBXProject "test-alamofire" */ = {
			isa = XCConfigurationList;
			buildConfigurations = (
				9BC23F3A2070AC1B0046156C /* Debug */,
				9BC23F3B2070AC1B0046156C /* Release */,
			);
			defaultConfigurationIsVisible = 0;
			defaultConfigurationName = Release;
		};
		9BC23F3C2070AC1B0046156C /* Build configuration list for PBXNativeTarget "test-alamofire" */ = {
			isa = XCConfigurationList;
			buildConfigurations = (
				9BC23F3D2070AC1B0046156C /* Debug */,
				9BC23F3E2070AC1B0046156C /* Release */,
			);
			defaultConfigurationIsVisible = 0;
			defaultConfigurationName = Release;
		};
/* End XCConfigurationList section */
	};
	rootObject = 9BC23F222070AC1B0046156C /* Project object */;
}
