// !$*UTF8*$!
{
	archiveVersion = 1;
	classes = {
	};
	objectVersion = 48;
	objects = {

/* Begin PBXBuildFile section */
		9BB38BA020109C3700374A33 /* AppDelegate.swift in Sources */ = {isa = PBXBuildFile; fileRef = 9BB38B9F20109C3700374A33 /* AppDelegate.swift */; };
		9BB38BA220109C3700374A33 /* ViewController.swift in Sources */ = {isa = PBXBuildFile; fileRef = 9BB38BA120109C3700374A33 /* ViewController.swift */; };
		9BB38BA520109C3700374A33 /* Main.storyboard in Resources */ = {isa = PBXBuildFile; fileRef = 9BB38BA320109C3700374A33 /* Main.storyboard */; };
		9BB38BA720109C3700374A33 /* Assets.xcassets in Resources */ = {isa = PBXBuildFile; fileRef = 9BB38BA620109C3700374A33 /* Assets.xcassets */; };
		9BB38BAA20109C3700374A33 /* LaunchScreen.storyboard in Resources */ = {isa = PBXBuildFile; fileRef = 9BB38BA820109C3700374A33 /* LaunchScreen.storyboard */; };
		9BB38BB22010A41300374A33 /* GiftView.swift in Sources */ = {isa = PBXBuildFile; fileRef = 9BB38BB12010A41300374A33 /* GiftView.swift */; };
/* End PBXBuildFile section */

/* Begin PBXFileReference section */
		9BB38B9C20109C3700374A33 /* memesView.app */ = {isa = PBXFileReference; explicitFileType = wrapper.application; includeInIndex = 0; path = memesView.app; sourceTree = BUILT_PRODUCTS_DIR; };
		9BB38B9F20109C3700374A33 /* AppDelegate.swift */ = {isa = PBXFileReference; lastKnownFileType = sourcecode.swift; path = AppDelegate.swift; sourceTree = "<group>"; };
		9BB38BA120109C3700374A33 /* ViewController.swift */ = {isa = PBXFileReference; lastKnownFileType = sourcecode.swift; path = ViewController.swift; sourceTree = "<group>"; };
		9BB38BA420109C3700374A33 /* Base */ = {isa = PBXFileReference; lastKnownFileType = file.storyboard; name = Base; path = Base.lproj/Main.storyboard; sourceTree = "<group>"; };
		9BB38BA620109C3700374A33 /* Assets.xcassets */ = {isa = PBXFileReference; lastKnownFileType = folder.assetcatalog; path = Assets.xcassets; sourceTree = "<group>"; };
		9BB38BA920109C3700374A33 /* Base */ = {isa = PBXFileReference; lastKnownFileType = file.storyboard; name = Base; path = Base.lproj/LaunchScreen.storyboard; sourceTree = "<group>"; };
		9BB38BAB20109C3700374A33 /* Info.plist */ = {isa = PBXFileReference; lastKnownFileType = text.plist.xml; path = Info.plist; sourceTree = "<group>"; };
		9BB38BB12010A41300374A33 /* GiftView.swift */ = {isa = PBXFileReference; lastKnownFileType = sourcecode.swift; path = GiftView.swift; sourceTree = "<group>"; };
/* End PBXFileReference section */

/* Begin PBXFrameworksBuildPhase section */
		9BB38B9920109C3700374A33 /* Frameworks */ = {
			isa = PBXFrameworksBuildPhase;
			buildActionMask = 2147483647;
			files = (
			);
			runOnlyForDeploymentPostprocessing = 0;
		};
/* End PBXFrameworksBuildPhase section */

/* Begin PBXGroup section */
		9BB38B9320109C3600374A33 = {
			isa = PBXGroup;
			children = (
				9BB38B9E20109C3700374A33 /* memesView */,
				9BB38B9D20109C3700374A33 /* Products */,
			);
			sourceTree = "<group>";
		};
		9BB38B9D20109C3700374A33 /* Products */ = {
			isa = PBXGroup;
			children = (
				9BB38B9C20109C3700374A33 /* memesView.app */,
			);
			name = Products;
			sourceTree = "<group>";
		};
		9BB38B9E20109C3700374A33 /* memesView */ = {
			isa = PBXGroup;
			children = (
				9BB38B9F20109C3700374A33 /* AppDelegate.swift */,
				9BB38BA120109C3700374A33 /* ViewController.swift */,
				9BB38BA320109C3700374A33 /* Main.storyboard */,
				9BB38BB12010A41300374A33 /* GiftView.swift */,
				9BB38BA620109C3700374A33 /* Assets.xcassets */,
				9BB38BA820109C3700374A33 /* LaunchScreen.storyboard */,
				9BB38BAB20109C3700374A33 /* Info.plist */,
			);
			path = memesView;
			sourceTree = "<group>";
		};
/* End PBXGroup section */

/* Begin PBXNativeTarget section */
		9BB38B9B20109C3700374A33 /* memesView */ = {
			isa = PBXNativeTarget;
			buildConfigurationList = 9BB38BAE20109C3700374A33 /* Build configuration list for PBXNativeTarget "memesView" */;
			buildPhases = (
				9BB38B9820109C3700374A33 /* Sources */,
				9BB38B9920109C3700374A33 /* Frameworks */,
				9BB38B9A20109C3700374A33 /* Resources */,
			);
			buildRules = (
			);
			dependencies = (
			);
			name = memesView;
			productName = memesView;
			productReference = 9BB38B9C20109C3700374A33 /* memesView.app */;
			productType = "com.apple.product-type.application";
		};
/* End PBXNativeTarget section */

/* Begin PBXProject section */
		9BB38B9420109C3600374A33 /* Project object */ = {
			isa = PBXProject;
			attributes = {
				LastSwiftUpdateCheck = 0920;
				LastUpgradeCheck = 0920;
				ORGANIZATIONNAME = haydeeTi;
				TargetAttributes = {
					9BB38B9B20109C3700374A33 = {
						CreatedOnToolsVersion = 9.2;
						ProvisioningStyle = Automatic;
					};
				};
			};
			buildConfigurationList = 9BB38B9720109C3600374A33 /* Build configuration list for PBXProject "memesView" */;
			compatibilityVersion = "Xcode 8.0";
			developmentRegion = en;
			hasScannedForEncodings = 0;
			knownRegions = (
				en,
				Base,
			);
			mainGroup = 9BB38B9320109C3600374A33;
			productRefGroup = 9BB38B9D20109C3700374A33 /* Products */;
			projectDirPath = "";
			projectRoot = "";
			targets = (
				9BB38B9B20109C3700374A33 /* memesView */,
			);
		};
/* End PBXProject section */

/* Begin PBXResourcesBuildPhase section */
		9BB38B9A20109C3700374A33 /* Resources */ = {
			isa = PBXResourcesBuildPhase;
			buildActionMask = 2147483647;
			files = (
				9BB38BAA20109C3700374A33 /* LaunchScreen.storyboard in Resources */,
				9BB38BA720109C3700374A33 /* Assets.xcassets in Resources */,
				9BB38BA520109C3700374A33 /* Main.storyboard in Resources */,
			);
			runOnlyForDeploymentPostprocessing = 0;
		};
/* End PBXResourcesBuildPhase section */

/* Begin PBXSourcesBuildPhase section */
		9BB38B9820109C3700374A33 /* Sources */ = {
			isa = PBXSourcesBuildPhase;
			buildActionMask = 2147483647;
			files = (
				9BB38BB22010A41300374A33 /* GiftView.swift in Sources */,
				9BB38BA220109C3700374A33 /* ViewController.swift in Sources */,
				9BB38BA020109C3700374A33 /* AppDelegate.swift in Sources */,
			);
			runOnlyForDeploymentPostprocessing = 0;
		};
/* End PBXSourcesBuildPhase section */

/* Begin PBXVariantGroup section */
		9BB38BA320109C3700374A33 /* Main.storyboard */ = {
			isa = PBXVariantGroup;
			children = (
				9BB38BA420109C3700374A33 /* Base */,
			);
			name = Main.storyboard;
			sourceTree = "<group>";
		};
		9BB38BA820109C3700374A33 /* LaunchScreen.storyboard */ = {
			isa = PBXVariantGroup;
			children = (
				9BB38BA920109C3700374A33 /* Base */,
			);
			name = LaunchScreen.storyboard;
			sourceTree = "<group>";
		};
/* End PBXVariantGroup section */

/* Begin XCBuildConfiguration section */
		9BB38BAC20109C3700374A33 /* Debug */ = {
			isa = XCBuildConfiguration;
			buildSettings = {
				ALWAYS_SEARCH_USER_PATHS = NO;
				CLANG_ANALYZER_NONNULL = YES;
				CLANG_ANALYZER_NUMBER_OBJECT_CONVERSION = YES_AGGRESSIVE;
				CLANG_CXX_LANGUAGE_STANDARD = "gnu++14";
				CLANG_CXX_LIBRARY = "libc++";
				CLANG_ENABLE_MODULES = YES;
				CLANG_ENABLE_OBJC_ARC = YES;
				CLANG_WARN_BLOCK_CAPTURE_AUTORELEASING = YES;
				CLANG_WARN_BOOL_CONVERSION = YES;
				CLANG_WARN_COMMA = YES;
				CLANG_WARN_CONSTANT_CONVERSION = YES;
				CLANG_WARN_DIRECT_OBJC_ISA_USAGE = YES_ERROR;
				CLANG_WARN_DOCUMENTATION_COMMENTS = YES;
				CLANG_WARN_EMPTY_BODY = YES;
				CLANG_WARN_ENUM_CONVERSION = YES;
				CLANG_WARN_INFINITE_RECURSION = YES;
				CLANG_WARN_INT_CONVERSION = YES;
				CLANG_WARN_NON_LITERAL_NULL_CONVERSION = YES;
				CLANG_WARN_OBJC_LITERAL_CONVERSION = YES;
				CLANG_WARN_OBJC_ROOT_CLASS = YES_ERROR;
				CLANG_WARN_RANGE_LOOP_ANALYSIS = YES;
				CLANG_WARN_STRICT_PROTOTYPES = YES;
				CLANG_WARN_SUSPICIOUS_MOVE = YES;
				CLANG_WARN_UNGUARDED_AVAILABILITY = YES_AGGRESSIVE;
				CLANG_WARN_UNREACHABLE_CODE = YES;
				CLANG_WARN__DUPLICATE_METHOD_MATCH = YES;
				CODE_SIGN_IDENTITY = "iPhone Developer";
				COPY_PHASE_STRIP = NO;
				DEBUG_INFORMATION_FORMAT = dwarf;
				ENABLE_STRICT_OBJC_MSGSEND = YES;
				ENABLE_TESTABILITY = YES;
				GCC_C_LANGUAGE_STANDARD = gnu11;
				GCC_DYNAMIC_NO_PIC = NO;
				GCC_NO_COMMON_BLOCKS = YES;
				GCC_OPTIMIZATION_LEVEL = 0;
				GCC_PREPROCESSOR_DEFINITIONS = (
					"DEBUG=1",
					"$(inherited)",
				);
				GCC_WARN_64_TO_32_BIT_CONVERSION = YES;
				GCC_WARN_ABOUT_RETURN_TYPE = YES_ERROR;
				GCC_WARN_UNDECLARED_SELECTOR = YES;
				GCC_WARN_UNINITIALIZED_AUTOS = YES_AGGRESSIVE;
				GCC_WARN_UNUSED_FUNCTION = YES;
				GCC_WARN_UNUSED_VARIABLE = YES;
				IPHONEOS_DEPLOYMENT_TARGET = 11.2;
				MTL_ENABLE_DEBUG_INFO = YES;
				ONLY_ACTIVE_ARCH = YES;
				SDKROOT = iphoneos;
				SWIFT_ACTIVE_COMPILATION_CONDITIONS = DEBUG;
				SWIFT_OPTIMIZATION_LEVEL = "-Onone";
			};
			name = Debug;
		};
		9BB38BAD20109C3700374A33 /* Release */ = {
			isa = XCBuildConfiguration;
			buildSettings = {
				ALWAYS_SEARCH_USER_PATHS = NO;
				CLANG_ANALYZER_NONNULL = YES;
				CLANG_ANALYZER_NUMBER_OBJECT_CONVERSION = YES_AGGRESSIVE;
				CLANG_CXX_LANGUAGE_STANDARD = "gnu++14";
				CLANG_CXX_LIBRARY = "libc++";
				CLANG_ENABLE_MODULES = YES;
				CLANG_ENABLE_OBJC_ARC = YES;
				CLANG_WARN_BLOCK_CAPTURE_AUTORELEASING = YES;
				CLANG_WARN_BOOL_CONVERSION = YES;
				CLANG_WARN_COMMA = YES;
				CLANG_WARN_CONSTANT_CONVERSION = YES;
				CLANG_WARN_DIRECT_OBJC_ISA_USAGE = YES_ERROR;
				CLANG_WARN_DOCUMENTATION_COMMENTS = YES;
				CLANG_WARN_EMPTY_BODY = YES;
				CLANG_WARN_ENUM_CONVERSION = YES;
				CLANG_WARN_INFINITE_RECURSION = YES;
				CLANG_WARN_INT_CONVERSION = YES;
				CLANG_WARN_NON_LITERAL_NULL_CONVERSION = YES;
				CLANG_WARN_OBJC_LITERAL_CONVERSION = YES;
				CLANG_WARN_OBJC_ROOT_CLASS = YES_ERROR;
				CLANG_WARN_RANGE_LOOP_ANALYSIS = YES;
				CLANG_WARN_STRICT_PROTOTYPES = YES;
				CLANG_WARN_SUSPICIOUS_MOVE = YES;
				CLANG_WARN_UNGUARDED_AVAILABILITY = YES_AGGRESSIVE;
				CLANG_WARN_UNREACHABLE_CODE = YES;
				CLANG_WARN__DUPLICATE_METHOD_MATCH = YES;
				CODE_SIGN_IDENTITY = "iPhone Developer";
				COPY_PHASE_STRIP = NO;
				DEBUG_INFORMATION_FORMAT = "dwarf-with-dsym";
				ENABLE_NS_ASSERTIONS = NO;
				ENABLE_STRICT_OBJC_MSGSEND = YES;
				GCC_C_LANGUAGE_STANDARD = gnu11;
				GCC_NO_COMMON_BLOCKS = YES;
				GCC_WARN_64_TO_32_BIT_CONVERSION = YES;
				GCC_WARN_ABOUT_RETURN_TYPE = YES_ERROR;
				GCC_WARN_UNDECLARED_SELECTOR = YES;
				GCC_WARN_UNINITIALIZED_AUTOS = YES_AGGRESSIVE;
				GCC_WARN_UNUSED_FUNCTION = YES;
				GCC_WARN_UNUSED_VARIABLE = YES;
				IPHONEOS_DEPLOYMENT_TARGET = 11.2;
				MTL_ENABLE_DEBUG_INFO = NO;
				SDKROOT = iphoneos;
				SWIFT_OPTIMIZATION_LEVEL = "-Owholemodule";
				VALIDATE_PRODUCT = YES;
			};
			name = Release;
		};
		9BB38BAF20109C3700374A33 /* Debug */ = {
			isa = XCBuildConfiguration;
			buildSettings = {
				ASSETCATALOG_COMPILER_APPICON_NAME = AppIcon;
				CODE_SIGN_STYLE = Automatic;
				DEVELOPMENT_TEAM = K5U6Q97425;
				INFOPLIST_FILE = memesView/Info.plist;
				LD_RUNPATH_SEARCH_PATHS = "$(inherited) @executable_path/Frameworks";
				PRODUCT_BUNDLE_IDENTIFIER = com.haydeeTinajero.memesView;
				PRODUCT_NAME = "$(TARGET_NAME)";
				SWIFT_VERSION = 4.0;
				TARGETED_DEVICE_FAMILY = "1,2";
			};
			name = Debug;
		};
		9BB38BB020109C3700374A33 /* Release */ = {
			isa = XCBuildConfiguration;
			buildSettings = {
				ASSETCATALOG_COMPILER_APPICON_NAME = AppIcon;
				CODE_SIGN_STYLE = Automatic;
				DEVELOPMENT_TEAM = K5U6Q97425;
				INFOPLIST_FILE = memesView/Info.plist;
				LD_RUNPATH_SEARCH_PATHS = "$(inherited) @executable_path/Frameworks";
				PRODUCT_BUNDLE_IDENTIFIER = com.haydeeTinajero.memesView;
				PRODUCT_NAME = "$(TARGET_NAME)";
				SWIFT_VERSION = 4.0;
				TARGETED_DEVICE_FAMILY = "1,2";
			};
			name = Release;
		};
/* End XCBuildConfiguration section */

/* Begin XCConfigurationList section */
		9BB38B9720109C3600374A33 /* Build configuration list for PBXProject "memesView" */ = {
			isa = XCConfigurationList;
			buildConfigurations = (
				9BB38BAC20109C3700374A33 /* Debug */,
				9BB38BAD20109C3700374A33 /* Release */,
			);
			defaultConfigurationIsVisible = 0;
			defaultConfigurationName = Release;
		};
		9BB38BAE20109C3700374A33 /* Build configuration list for PBXNativeTarget "memesView" */ = {
			isa = XCConfigurationList;
			buildConfigurations = (
				9BB38BAF20109C3700374A33 /* Debug */,
				9BB38BB020109C3700374A33 /* Release */,
			);
			defaultConfigurationIsVisible = 0;
			defaultConfigurationName = Release;
		};
/* End XCConfigurationList section */
	};
	rootObject = 9BB38B9420109C3600374A33 /* Project object */;
}
