PODS:
  - Alamofire (4.7.0)
  - AlamofireImage (3.3.0):
    - Alamofire (~> 4.5)
  - ObjectMapper (3.1.0)
  - PromiseKit (6.2.3):
    - PromiseKit/CorePromise (= 6.2.3)
    - PromiseKit/Foundation (= 6.2.3)
    - PromiseKit/UIKit (= 6.2.3)
  - PromiseKit/CorePromise (6.2.3)
  - PromiseKit/Foundation (6.2.3):
    - PromiseKit/CorePromise
  - PromiseKit/UIKit (6.2.3):
    - PromiseKit/CorePromise

DEPENDENCIES:
  - Alamofire
  - AlamofireImage
  - ObjectMapper
  - PromiseKit

SPEC CHECKSUMS:
  Alamofire: 907e0a98eb68cdb7f9d1f541a563d6ac5dc77b25
  AlamofireImage: 2e784dc5d00f04903a52c1d169181469c805c3df
  ObjectMapper: 20505058f54e5c3ca69e1d6de9897d152a5369a6
  PromiseKit: 62f37bb4900a9b0b7550d017e41497171d93face

PODFILE CHECKSUM: 36ae6bab6cbdb19407a4e8d291a2b9ede565bdac

COCOAPODS: 1.4.0
